Microsoft Visual Studio Solution File, Format Version 11.00
# Visual Studio 2008

Project("{C9D312AC-C84B-5698-F511-27EB08A66819}") = "RiftRave", "Assembly-CSharp-firstpass.csproj", "{6DE3A606-6B6E-E25A-07DE-49BB5C772D40}"
EndProject
Project("{C9D312AC-C84B-5698-F511-27EB08A66819}") = "RiftRave", "Assembly-CSharp.csproj", "{AEAD574C-FDB4-BBBF-C124-531A5A046650}"
EndProject
Project("{C9D312AC-C84B-5698-F511-27EB08A66819}") = "RiftRave", "Assembly-CSharp-Editor-firstpass.csproj", "{B000652A-7872-48BE-89A1-75696DDF4DC8}"
EndProject
Project("{C9D312AC-C84B-5698-F511-27EB08A66819}") = "RiftRave", "Assembly-CSharp-Editor.csproj", "{59FA8DD4-B2D0-713B-4E42-8464AE296CCE}"
EndProject
Project("{C9D312AC-C84B-5698-F511-27EB08A66819}") = "RiftRave", "Assembly-UnityScript-firstpass.unityproj", "{4EDF07C5-6014-A34A-C859-2574D48A53CC}"
EndProject
Project("{C9D312AC-C84B-5698-F511-27EB08A66819}") = "RiftRave", "Assembly-UnityScript.unityproj", "{54979651-F23E-2588-F7DF-715286CD1DD4}"
EndProject
Global
	GlobalSection(SolutionConfigurationPlatforms) = preSolution
		Debug|Any CPU = Debug|Any CPU
		Release|Any CPU = Release|Any CPU
	EndGlobalSection
	GlobalSection(ProjectConfigurationPlatforms) = postSolution
		{6DE3A606-6B6E-E25A-07DE-49BB5C772D40}.Debug|Any CPU.ActiveCfg = Debug|Any CPU
		{6DE3A606-6B6E-E25A-07DE-49BB5C772D40}.Debug|Any CPU.Build.0 = Debug|Any CPU
		{6DE3A606-6B6E-E25A-07DE-49BB5C772D40}.Release|Any CPU.ActiveCfg = Release|Any CPU
		{6DE3A606-6B6E-E25A-07DE-49BB5C772D40}.Release|Any CPU.Build.0 = Release|Any CPU
		{AEAD574C-FDB4-BBBF-C124-531A5A046650}.Debug|Any CPU.ActiveCfg = Debug|Any CPU
		{AEAD574C-FDB4-BBBF-C124-531A5A046650}.Debug|Any CPU.Build.0 = Debug|Any CPU
		{AEAD574C-FDB4-BBBF-C124-531A5A046650}.Release|Any CPU.ActiveCfg = Release|Any CPU
		{AEAD574C-FDB4-BBBF-C124-531A5A046650}.Release|Any CPU.Build.0 = Release|Any CPU
		{B000652A-7872-48BE-89A1-75696DDF4DC8}.Debug|Any CPU.ActiveCfg = Debug|Any CPU
		{B000652A-7872-48BE-89A1-75696DDF4DC8}.Debug|Any CPU.Build.0 = Debug|Any CPU
		{B000652A-7872-48BE-89A1-75696DDF4DC8}.Release|Any CPU.ActiveCfg = Release|Any CPU
		{B000652A-7872-48BE-89A1-75696DDF4DC8}.Release|Any CPU.Build.0 = Release|Any CPU
		{59FA8DD4-B2D0-713B-4E42-8464AE296CCE}.Debug|Any CPU.ActiveCfg = Debug|Any CPU
		{59FA8DD4-B2D0-713B-4E42-8464AE296CCE}.Debug|Any CPU.Build.0 = Debug|Any CPU
		{59FA8DD4-B2D0-713B-4E42-8464AE296CCE}.Release|Any CPU.ActiveCfg = Release|Any CPU
		{59FA8DD4-B2D0-713B-4E42-8464AE296CCE}.Release|Any CPU.Build.0 = Release|Any CPU
		{4EDF07C5-6014-A34A-C859-2574D48A53CC}.Debug|Any CPU.ActiveCfg = Debug|Any CPU
		{4EDF07C5-6014-A34A-C859-2574D48A53CC}.Debug|Any CPU.Build.0 = Debug|Any CPU
		{4EDF07C5-6014-A34A-C859-2574D48A53CC}.Release|Any CPU.ActiveCfg = Release|Any CPU
		{4EDF07C5-6014-A34A-C859-2574D48A53CC}.Release|Any CPU.Build.0 = Release|Any CPU
		{54979651-F23E-2588-F7DF-715286CD1DD4}.Debug|Any CPU.ActiveCfg = Debug|Any CPU
		{54979651-F23E-2588-F7DF-715286CD1DD4}.Debug|Any CPU.Build.0 = Debug|Any CPU
		{54979651-F23E-2588-F7DF-715286CD1DD4}.Release|Any CPU.ActiveCfg = Release|Any CPU
		{54979651-F23E-2588-F7DF-715286CD1DD4}.Release|Any CPU.Build.0 = Release|Any CPU
	EndGlobalSection
	GlobalSection(SolutionProperties) = preSolution
		HideSolutionNode = FALSE
	EndGlobalSection
																																																																		GlobalSection(MonoDevelopProperties) = preSolution
		StartupItem = Assembly-CSharp.csproj
		Policies = $0
		$0.TextStylePolicy = $1
		$1.inheritsSet = null
		$1.scope = text/x-csharp
		$0.CSharpFormattingPolicy = $2
		$2.inheritsSet = Mono
		$2.inheritsScope = text/x-csharp
		$2.scope = text/x-csharp
		$0.TextStylePolicy = $3
		$3.FileWidth = 120
		$3.TabWidth = 4
		$3.EolMarker = Unix
		$3.inheritsSet = Mono
		$3.inheritsScope = text/plain
		$3.scope = text/plain
	EndGlobalSection

EndGlobal
